// !$*UTF8*$!
{
	archiveVersion = 1;
	classes = {
	};
	objectVersion = 46;
	objects = {

/* Begin PBXBuildFile section */
		8038E4351B6612610099C514 /* MyAnnotation.swift in Sources */ = {isa = PBXBuildFile; fileRef = 8038E4341B6612610099C514 /* MyAnnotation.swift */; };
		806F0AF81B6514C80069E38F /* AppDelegate.swift in Sources */ = {isa = PBXBuildFile; fileRef = 806F0AF71B6514C80069E38F /* AppDelegate.swift */; };
		806F0AFA1B6514C80069E38F /* ViewController.swift in Sources */ = {isa = PBXBuildFile; fileRef = 806F0AF91B6514C80069E38F /* ViewController.swift */; };
		806F0AFD1B6514C80069E38F /* Main.storyboard in Resources */ = {isa = PBXBuildFile; fileRef = 806F0AFB1B6514C80069E38F /* Main.storyboard */; };
		806F0AFF1B6514C80069E38F /* Images.xcassets in Resources */ = {isa = PBXBuildFile; fileRef = 806F0AFE1B6514C80069E38F /* Images.xcassets */; };
		806F0B021B6514C80069E38F /* LaunchScreen.xib in Resources */ = {isa = PBXBuildFile; fileRef = 806F0B001B6514C80069E38F /* LaunchScreen.xib */; };
		806F0B0E1B6514C90069E38F /* MapSearchingTests.swift in Sources */ = {isa = PBXBuildFile; fileRef = 806F0B0D1B6514C90069E38F /* MapSearchingTests.swift */; };
/* End PBXBuildFile section */

/* Begin PBXContainerItemProxy section */
		806F0B081B6514C90069E38F /* PBXContainerItemProxy */ = {
			isa = PBXContainerItemProxy;
			containerPortal = 806F0AEA1B6514C80069E38F /* Project object */;
			proxyType = 1;
			remoteGlobalIDString = 806F0AF11B6514C80069E38F;
			remoteInfo = MapSearching;
		};
/* End PBXContainerItemProxy section */

/* Begin PBXFileReference section */
		8038E4341B6612610099C514 /* MyAnnotation.swift */ = {isa = PBXFileReference; fileEncoding = 4; lastKnownFileType = sourcecode.swift; path = MyAnnotation.swift; sourceTree = "<group>"; };
		806F0AF21B6514C80069E38F /* MapSearching.app */ = {isa = PBXFileReference; explicitFileType = wrapper.application; includeInIndex = 0; path = MapSearching.app; sourceTree = BUILT_PRODUCTS_DIR; };
		806F0AF61B6514C80069E38F /* Info.plist */ = {isa = PBXFileReference; lastKnownFileType = text.plist.xml; path = Info.plist; sourceTree = "<group>"; };
		806F0AF71B6514C80069E38F /* AppDelegate.swift */ = {isa = PBXFileReference; lastKnownFileType = sourcecode.swift; path = AppDelegate.swift; sourceTree = "<group>"; };
		806F0AF91B6514C80069E38F /* ViewController.swift */ = {isa = PBXFileReference; lastKnownFileType = sourcecode.swift; path = ViewController.swift; sourceTree = "<group>"; };
		806F0AFC1B6514C80069E38F /* Base */ = {isa = PBXFileReference; lastKnownFileType = file.storyboard; name = Base; path = Base.lproj/Main.storyboard; sourceTree = "<group>"; };
		806F0AFE1B6514C80069E38F /* Images.xcassets */ = {isa = PBXFileReference; lastKnownFileType = folder.assetcatalog; path = Images.xcassets; sourceTree = "<group>"; };
		806F0B011B6514C80069E38F /* Base */ = {isa = PBXFileReference; lastKnownFileType = file.xib; name = Base; path = Base.lproj/LaunchScreen.xib; sourceTree = "<group>"; };
		806F0B071B6514C90069E38F /* MapSearchingTests.xctest */ = {isa = PBXFileReference; explicitFileType = wrapper.cfbundle; includeInIndex = 0; path = MapSearchingTests.xctest; sourceTree = BUILT_PRODUCTS_DIR; };
		806F0B0C1B6514C90069E38F /* Info.plist */ = {isa = PBXFileReference; lastKnownFileType = text.plist.xml; path = Info.plist; sourceTree = "<group>"; };
		806F0B0D1B6514C90069E38F /* MapSearchingTests.swift */ = {isa = PBXFileReference; lastKnownFileType = sourcecode.swift; path = MapSearchingTests.swift; sourceTree = "<group>"; };
/* End PBXFileReference section */

/* Begin PBXFrameworksBuildPhase section */
		806F0AEF1B6514C80069E38F /* Frameworks */ = {
			isa = PBXFrameworksBuildPhase;
			buildActionMask = 2147483647;
			files = (
			);
			runOnlyForDeploymentPostprocessing = 0;
		};
		806F0B041B6514C90069E38F /* Frameworks */ = {
			isa = PBXFrameworksBuildPhase;
			buildActionMask = 2147483647;
			files = (
			);
			runOnlyForDeploymentPostprocessing = 0;
		};
/* End PBXFrameworksBuildPhase section */

/* Begin PBXGroup section */
		806F0AE91B6514C80069E38F = {
			isa = PBXGroup;
			children = (
				806F0AF41B6514C80069E38F /* MapSearching */,
				806F0B0A1B6514C90069E38F /* MapSearchingTests */,
				806F0AF31B6514C80069E38F /* Products */,
			);
			sourceTree = "<group>";
		};
		806F0AF31B6514C80069E38F /* Products */ = {
			isa = PBXGroup;
			children = (
				806F0AF21B6514C80069E38F /* MapSearching.app */,
				806F0B071B6514C90069E38F /* MapSearchingTests.xctest */,
			);
			name = Products;
			sourceTree = "<group>";
		};
		806F0AF41B6514C80069E38F /* MapSearching */ = {
			isa = PBXGroup;
			children = (
				806F0AF71B6514C80069E38F /* AppDelegate.swift */,
				806F0AF91B6514C80069E38F /* ViewController.swift */,
				806F0AFB1B6514C80069E38F /* Main.storyboard */,
				806F0AFE1B6514C80069E38F /* Images.xcassets */,
				806F0B001B6514C80069E38F /* LaunchScreen.xib */,
				806F0AF51B6514C80069E38F /* Supporting Files */,
				8038E4341B6612610099C514 /* MyAnnotation.swift */,
			);
			path = MapSearching;
			sourceTree = "<group>";
		};
		806F0AF51B6514C80069E38F /* Supporting Files */ = {
			isa = PBXGroup;
			children = (
				806F0AF61B6514C80069E38F /* Info.plist */,
			);
			name = "Supporting Files";
			sourceTree = "<group>";
		};
		806F0B0A1B6514C90069E38F /* MapSearchingTests */ = {
			isa = PBXGroup;
			children = (
				806F0B0D1B6514C90069E38F /* MapSearchingTests.swift */,
				806F0B0B1B6514C90069E38F /* Supporting Files */,
			);
			path = MapSearchingTests;
			sourceTree = "<group>";
		};
		806F0B0B1B6514C90069E38F /* Supporting Files */ = {
			isa = PBXGroup;
			children = (
				806F0B0C1B6514C90069E38F /* Info.plist */,
			);
			name = "Supporting Files";
			sourceTree = "<group>";
		};
/* End PBXGroup section */

/* Begin PBXNativeTarget section */
		806F0AF11B6514C80069E38F /* MapSearching */ = {
			isa = PBXNativeTarget;
			buildConfigurationList = 806F0B111B6514C90069E38F /* Build configuration list for PBXNativeTarget "MapSearching" */;
			buildPhases = (
				806F0AEE1B6514C80069E38F /* Sources */,
				806F0AEF1B6514C80069E38F /* Frameworks */,
				806F0AF01B6514C80069E38F /* Resources */,
			);
			buildRules = (
			);
			dependencies = (
			);
			name = MapSearching;
			productName = MapSearching;
			productReference = 806F0AF21B6514C80069E38F /* MapSearching.app */;
			productType = "com.apple.product-type.application";
		};
		806F0B061B6514C90069E38F /* MapSearchingTests */ = {
			isa = PBXNativeTarget;
			buildConfigurationList = 806F0B141B6514C90069E38F /* Build configuration list for PBXNativeTarget "MapSearchingTests" */;
			buildPhases = (
				806F0B031B6514C90069E38F /* Sources */,
				806F0B041B6514C90069E38F /* Frameworks */,
				806F0B051B6514C90069E38F /* Resources */,
			);
			buildRules = (
			);
			dependencies = (
				806F0B091B6514C90069E38F /* PBXTargetDependency */,
			);
			name = MapSearchingTests;
			productName = MapSearchingTests;
			productReference = 806F0B071B6514C90069E38F /* MapSearchingTests.xctest */;
			productType = "com.apple.product-type.bundle.unit-test";
		};
/* End PBXNativeTarget section */

/* Begin PBXProject section */
		806F0AEA1B6514C80069E38F /* Project object */ = {
			isa = PBXProject;
			attributes = {
				LastUpgradeCheck = 0640;
				ORGANIZATIONNAME = "Tian Qiu";
				TargetAttributes = {
					806F0AF11B6514C80069E38F = {
						CreatedOnToolsVersion = 6.4;
					};
					806F0B061B6514C90069E38F = {
						CreatedOnToolsVersion = 6.4;
						TestTargetID = 806F0AF11B6514C80069E38F;
					};
				};
			};
			buildConfigurationList = 806F0AED1B6514C80069E38F /* Build configuration list for PBXProject "MapSearching" */;
			compatibilityVersion = "Xcode 3.2";
			developmentRegion = English;
			hasScannedForEncodings = 0;
			knownRegions = (
				en,
				Base,
			);
			mainGroup = 806F0AE91B6514C80069E38F;
			productRefGroup = 806F0AF31B6514C80069E38F /* Products */;
			projectDirPath = "";
			projectRoot = "";
			targets = (
				806F0AF11B6514C80069E38F /* MapSearching */,
				806F0B061B6514C90069E38F /* MapSearchingTests */,
			);
		};
/* End PBXProject section */

/* Begin PBXResourcesBuildPhase section */
		806F0AF01B6514C80069E38F /* Resources */ = {
			isa = PBXResourcesBuildPhase;
			buildActionMask = 2147483647;
			files = (
				806F0AFD1B6514C80069E38F /* Main.storyboard in Resources */,
				806F0B021B6514C80069E38F /* LaunchScreen.xib in Resources */,
				806F0AFF1B6514C80069E38F /* Images.xcassets in Resources */,
			);
			runOnlyForDeploymentPostprocessing = 0;
		};
		806F0B051B6514C90069E38F /* Resources */ = {
			isa = PBXResourcesBuildPhase;
			buildActionMask = 2147483647;
			files = (
			);
			runOnlyForDeploymentPostprocessing = 0;
		};
/* End PBXResourcesBuildPhase section */

/* Begin PBXSourcesBuildPhase section */
		806F0AEE1B6514C80069E38F /* Sources */ = {
			isa = PBXSourcesBuildPhase;
			buildActionMask = 2147483647;
			files = (
				806F0AFA1B6514C80069E38F /* ViewController.swift in Sources */,
				806F0AF81B6514C80069E38F /* AppDelegate.swift in Sources */,
				8038E4351B6612610099C514 /* MyAnnotation.swift in Sources */,
			);
			runOnlyForDeploymentPostprocessing = 0;
		};
		806F0B031B6514C90069E38F /* Sources */ = {
			isa = PBXSourcesBuildPhase;
			buildActionMask = 2147483647;
			files = (
				806F0B0E1B6514C90069E38F /* MapSearchingTests.swift in Sources */,
			);
			runOnlyForDeploymentPostprocessing = 0;
		};
/* End PBXSourcesBuildPhase section */

/* Begin PBXTargetDependency section */
		806F0B091B6514C90069E38F /* PBXTargetDependency */ = {
			isa = PBXTargetDependency;
			target = 806F0AF11B6514C80069E38F /* MapSearching */;
			targetProxy = 806F0B081B6514C90069E38F /* PBXContainerItemProxy */;
		};
/* End PBXTargetDependency section */

/* Begin PBXVariantGroup section */
		806F0AFB1B6514C80069E38F /* Main.storyboard */ = {
			isa = PBXVariantGroup;
			children = (
				806F0AFC1B6514C80069E38F /* Base */,
			);
			name = Main.storyboard;
			sourceTree = "<group>";
		};
		806F0B001B6514C80069E38F /* LaunchScreen.xib */ = {
			isa = PBXVariantGroup;
			children = (
				806F0B011B6514C80069E38F /* Base */,
			);
			name = LaunchScreen.xib;
			sourceTree = "<group>";
		};
/* End PBXVariantGroup section */

/* Begin XCBuildConfiguration section */
		806F0B0F1B6514C90069E38F /* Debug */ = {
			isa = XCBuildConfiguration;
			buildSettings = {
				ALWAYS_SEARCH_USER_PATHS = NO;
				CLANG_CXX_LANGUAGE_STANDARD = "gnu++0x";
				CLANG_CXX_LIBRARY = "libc++";
				CLANG_ENABLE_MODULES = YES;
				CLANG_ENABLE_OBJC_ARC = YES;
				CLANG_WARN_BOOL_CONVERSION = YES;
				CLANG_WARN_CONSTANT_CONVERSION = YES;
				CLANG_WARN_DIRECT_OBJC_ISA_USAGE = YES_ERROR;
				CLANG_WARN_EMPTY_BODY = YES;
				CLANG_WARN_ENUM_CONVERSION = YES;
				CLANG_WARN_INT_CONVERSION = YES;
				CLANG_WARN_OBJC_ROOT_CLASS = YES_ERROR;
				CLANG_WARN_UNREACHABLE_CODE = YES;
				CLANG_WARN__DUPLICATE_METHOD_MATCH = YES;
				"CODE_SIGN_IDENTITY[sdk=iphoneos*]" = "iPhone Developer";
				COPY_PHASE_STRIP = NO;
				DEBUG_INFORMATION_FORMAT = "dwarf-with-dsym";
				ENABLE_STRICT_OBJC_MSGSEND = YES;
				GCC_C_LANGUAGE_STANDARD = gnu99;
				GCC_DYNAMIC_NO_PIC = NO;
				GCC_NO_COMMON_BLOCKS = YES;
				GCC_OPTIMIZATION_LEVEL = 0;
				GCC_PREPROCESSOR_DEFINITIONS = (
					"DEBUG=1",
					"$(inherited)",
				);
				GCC_SYMBOLS_PRIVATE_EXTERN = NO;
				GCC_WARN_64_TO_32_BIT_CONVERSION = YES;
				GCC_WARN_ABOUT_RETURN_TYPE = YES_ERROR;
				GCC_WARN_UNDECLARED_SELECTOR = YES;
				GCC_WARN_UNINITIALIZED_AUTOS = YES_AGGRESSIVE;
				GCC_WARN_UNUSED_FUNCTION = YES;
				GCC_WARN_UNUSED_VARIABLE = YES;
				IPHONEOS_DEPLOYMENT_TARGET = 8.4;
				MTL_ENABLE_DEBUG_INFO = YES;
				ONLY_ACTIVE_ARCH = YES;
				SDKROOT = iphoneos;
				SWIFT_OPTIMIZATION_LEVEL = "-Onone";
			};
			name = Debug;
		};
		806F0B101B6514C90069E38F /* Release */ = {
			isa = XCBuildConfiguration;
			buildSettings = {
				ALWAYS_SEARCH_USER_PATHS = NO;
				CLANG_CXX_LANGUAGE_STANDARD = "gnu++0x";
				CLANG_CXX_LIBRARY = "libc++";
				CLANG_ENABLE_MODULES = YES;
				CLANG_ENABLE_OBJC_ARC = YES;
				CLANG_WARN_BOOL_CONVERSION = YES;
				CLANG_WARN_CONSTANT_CONVERSION = YES;
				CLANG_WARN_DIRECT_OBJC_ISA_USAGE = YES_ERROR;
				CLANG_WARN_EMPTY_BODY = YES;
				CLANG_WARN_ENUM_CONVERSION = YES;
				CLANG_WARN_INT_CONVERSION = YES;
				CLANG_WARN_OBJC_ROOT_CLASS = YES_ERROR;
				CLANG_WARN_UNREACHABLE_CODE = YES;
				CLANG_WARN__DUPLICATE_METHOD_MATCH = YES;
				"CODE_SIGN_IDENTITY[sdk=iphoneos*]" = "iPhone Developer";
				COPY_PHASE_STRIP = NO;
				DEBUG_INFORMATION_FORMAT = "dwarf-with-dsym";
				ENABLE_NS_ASSERTIONS = NO;
				ENABLE_STRICT_OBJC_MSGSEND = YES;
				GCC_C_LANGUAGE_STANDARD = gnu99;
				GCC_NO_COMMON_BLOCKS = YES;
				GCC_WARN_64_TO_32_BIT_CONVERSION = YES;
				GCC_WARN_ABOUT_RETURN_TYPE = YES_ERROR;
				GCC_WARN_UNDECLARED_SELECTOR = YES;
				GCC_WARN_UNINITIALIZED_AUTOS = YES_AGGRESSIVE;
				GCC_WARN_UNUSED_FUNCTION = YES;
				GCC_WARN_UNUSED_VARIABLE = YES;
				IPHONEOS_DEPLOYMENT_TARGET = 8.4;
				MTL_ENABLE_DEBUG_INFO = NO;
				SDKROOT = iphoneos;
				VALIDATE_PRODUCT = YES;
			};
			name = Release;
		};
		806F0B121B6514C90069E38F /* Debug */ = {
			isa = XCBuildConfiguration;
			buildSettings = {
				ASSETCATALOG_COMPILER_APPICON_NAME = AppIcon;
				INFOPLIST_FILE = MapSearching/Info.plist;
				LD_RUNPATH_SEARCH_PATHS = "$(inherited) @executable_path/Frameworks";
				PRODUCT_NAME = "$(TARGET_NAME)";
			};
			name = Debug;
		};
		806F0B131B6514C90069E38F /* Release */ = {
			isa = XCBuildConfiguration;
			buildSettings = {
				ASSETCATALOG_COMPILER_APPICON_NAME = AppIcon;
				INFOPLIST_FILE = MapSearching/Info.plist;
				LD_RUNPATH_SEARCH_PATHS = "$(inherited) @executable_path/Frameworks";
				PRODUCT_NAME = "$(TARGET_NAME)";
			};
			name = Release;
		};
		806F0B151B6514C90069E38F /* Debug */ = {
			isa = XCBuildConfiguration;
			buildSettings = {
				BUNDLE_LOADER = "$(TEST_HOST)";
				FRAMEWORK_SEARCH_PATHS = (
					"$(SDKROOT)/Developer/Library/Frameworks",
					"$(inherited)",
				);
				GCC_PREPROCESSOR_DEFINITIONS = (
					"DEBUG=1",
					"$(inherited)",
				);
				INFOPLIST_FILE = MapSearchingTests/Info.plist;
				LD_RUNPATH_SEARCH_PATHS = "$(inherited) @executable_path/Frameworks @loader_path/Frameworks";
				PRODUCT_NAME = "$(TARGET_NAME)";
				TEST_HOST = "$(BUILT_PRODUCTS_DIR)/MapSearching.app/MapSearching";
			};
			name = Debug;
		};
		806F0B161B6514C90069E38F /* Release */ = {
			isa = XCBuildConfiguration;
			buildSettings = {
				BUNDLE_LOADER = "$(TEST_HOST)";
				FRAMEWORK_SEARCH_PATHS = (
					"$(SDKROOT)/Developer/Library/Frameworks",
					"$(inherited)",
				);
				INFOPLIST_FILE = MapSearchingTests/Info.plist;
				LD_RUNPATH_SEARCH_PATHS = "$(inherited) @executable_path/Frameworks @loader_path/Frameworks";
				PRODUCT_NAME = "$(TARGET_NAME)";
				TEST_HOST = "$(BUILT_PRODUCTS_DIR)/MapSearching.app/MapSearching";
			};
			name = Release;
		};
/* End XCBuildConfiguration section */

/* Begin XCConfigurationList section */
		806F0AED1B6514C80069E38F /* Build configuration list for PBXProject "MapSearching" */ = {
			isa = XCConfigurationList;
			buildConfigurations = (
				806F0B0F1B6514C90069E38F /* Debug */,
				806F0B101B6514C90069E38F /* Release */,
			);
			defaultConfigurationIsVisible = 0;
			defaultConfigurationName = Release;
		};
		806F0B111B6514C90069E38F /* Build configuration list for PBXNativeTarget "MapSearching" */ = {
			isa = XCConfigurationList;
			buildConfigurations = (
				806F0B121B6514C90069E38F /* Debug */,
				806F0B131B6514C90069E38F /* Release */,
			);
			defaultConfigurationIsVisible = 0;
			defaultConfigurationName = Release;
		};
		806F0B141B6514C90069E38F /* Build configuration list for PBXNativeTarget "MapSearchingTests" */ = {
			isa = XCConfigurationList;
			buildConfigurations = (
				806F0B151B6514C90069E38F /* Debug */,
				806F0B161B6514C90069E38F /* Release */,
			);
			defaultConfigurationIsVisible = 0;
			defaultConfigurationName = Release;
		};
/* End XCConfigurationList section */
	};
	rootObject = 806F0AEA1B6514C80069E38F /* Project object */;
}
